
Microsoft Visual Studio Solution File, Format Version 12.00
# Visual Studio Version 16
VisualStudioVersion = 16.0.29709.97
MinimumVisualStudioVersion = 10.0.40219.1
Project("{FAE04EC0-301F-11D3-BF4B-00C04F79EFBC}") = "CalculatingAverages", "CalculatingAverages.csproj", "{CDF07653-8E15-4CD7-BF3D-65D042A551DC}"
EndProject
Global
	GlobalSection(SolutionConfigurationPlatforms) = preSolution
		Debug|Any CPU = Debug|Any CPU
		Release|Any CPU = Release|Any CPU
	EndGlobalSection
	GlobalSection(ProjectConfigurationPlatforms) = postSolution
		{CDF07653-8E15-4CD7-BF3D-65D042A551DC}.Debug|Any CPU.ActiveCfg = Debug|Any CPU
		{CDF07653-8E15-4CD7-BF3D-65D042A551DC}.Debug|Any CPU.Build.0 = Debug|Any CPU
		{CDF07653-8E15-4CD7-BF3D-65D042A551DC}.Release|Any CPU.ActiveCfg = Release|Any CPU
		{CDF07653-8E15-4CD7-BF3D-65D042A551DC}.Release|Any CPU.Build.0 = Release|Any CPU
	EndGlobalSection
	GlobalSection(SolutionProperties) = preSolution
		HideSolutionNode = FALSE
	EndGlobalSection
	GlobalSection(ExtensibilityGlobals) = postSolution
		SolutionGuid = {75B01380-28A6-4779-ADCC-24DFAEA05D63}
	EndGlobalSection
EndGlobal
